PODS:
  - Realm (2.4.3):
    - Realm/Headers (= 2.4.3)
  - Realm/Headers (2.4.3)
  - RealmLoginKit (0.0.10):
    - Realm
    - TORoundedTableView
  - RealmSwift (2.4.3):
    - Realm (= 2.4.3)
  - TORoundedTableView (0.0.3)
  - TrySwiftData (0.1.0):
    - RealmSwift
    - TrySwiftData/Tokyo2017 (= 0.1.0)
  - TrySwiftData/Tokyo2017 (0.1.0):
    - RealmSwift

DEPENDENCIES:
  - RealmLoginKit
  - RealmSwift
  - TrySwiftData (from `../`)

EXTERNAL SOURCES:
  TrySwiftData:
    :path: ../

SPEC CHECKSUMS:
  Realm: e08d60b0048ccccd3949c8c28a92c4db5712d7e9
  RealmLoginKit: c63d8049ea8e227332d2cddd6b545c5800c1c79a
  RealmSwift: 30d49739ccb3385d201242736ca4dda56aec9dfc
  TORoundedTableView: 4155565233135d81d6626a0c4ecfba27991cf2b1
  TrySwiftData: 9c8acd05db49d952e0fbb69790b01f3b7441dbe8

PODFILE CHECKSUM: 8bc83ed9895d0f81677328a160e559b0e434a533

COCOAPODS: 1.2.0
